// !$*UTF8*$!
{
	archiveVersion = 1;
	classes = {
	};
	objectVersion = 56;
	objects = {

/* Begin PBXBuildFile section */
		A6C3F1C02C2B84F7003791DE /* CPCalculatoraAppApp.swift in Sources */ = {isa = PBXBuildFile; fileRef = A6C3F1BF2C2B84F7003791DE /* CPCalculatoraAppApp.swift */; };
		A6C3F1C22C2B84F7003791DE /* ContentView.swift in Sources */ = {isa = PBXBuildFile; fileRef = A6C3F1C12C2B84F7003791DE /* ContentView.swift */; };
		A6C3F1C42C2B84F9003791DE /* Assets.xcassets in Resources */ = {isa = PBXBuildFile; fileRef = A6C3F1C32C2B84F9003791DE /* Assets.xcassets */; };
		A6C3F1C72C2B84F9003791DE /* Preview Assets.xcassets in Resources */ = {isa = PBXBuildFile; fileRef = A6C3F1C62C2B84F9003791DE /* Preview Assets.xcassets */; };
		A6C3F1D12C2B84FA003791DE /* CPCalculatoraAppTests.swift in Sources */ = {isa = PBXBuildFile; fileRef = A6C3F1D02C2B84FA003791DE /* CPCalculatoraAppTests.swift */; };
		A6C3F1DB2C2B84FA003791DE /* CPCalculatoraAppUITests.swift in Sources */ = {isa = PBXBuildFile; fileRef = A6C3F1DA2C2B84FA003791DE /* CPCalculatoraAppUITests.swift */; };
		A6C3F1DD2C2B84FA003791DE /* CPCalculatoraAppUITestsLaunchTests.swift in Sources */ = {isa = PBXBuildFile; fileRef = A6C3F1DC2C2B84FA003791DE /* CPCalculatoraAppUITestsLaunchTests.swift */; };
/* End PBXBuildFile section */

/* Begin PBXContainerItemProxy section */
		A6C3F1CD2C2B84FA003791DE /* PBXContainerItemProxy */ = {
			isa = PBXContainerItemProxy;
			containerPortal = A6C3F1B42C2B84F7003791DE /* Project object */;
			proxyType = 1;
			remoteGlobalIDString = A6C3F1BB2C2B84F7003791DE;
			remoteInfo = CPCalculatoraApp;
		};
		A6C3F1D72C2B84FA003791DE /* PBXContainerItemProxy */ = {
			isa = PBXContainerItemProxy;
			containerPortal = A6C3F1B42C2B84F7003791DE /* Project object */;
			proxyType = 1;
			remoteGlobalIDString = A6C3F1BB2C2B84F7003791DE;
			remoteInfo = CPCalculatoraApp;
		};
/* End PBXContainerItemProxy section */

/* Begin PBXFileReference section */
		A6C3F1BC2C2B84F7003791DE /* CPCalculatoraApp.app */ = {isa = PBXFileReference; explicitFileType = wrapper.application; includeInIndex = 0; path = CPCalculatoraApp.app; sourceTree = BUILT_PRODUCTS_DIR; };
		A6C3F1BF2C2B84F7003791DE /* CPCalculatoraAppApp.swift */ = {isa = PBXFileReference; lastKnownFileType = sourcecode.swift; path = CPCalculatoraAppApp.swift; sourceTree = "<group>"; };
		A6C3F1C12C2B84F7003791DE /* ContentView.swift */ = {isa = PBXFileReference; lastKnownFileType = sourcecode.swift; path = ContentView.swift; sourceTree = "<group>"; };
		A6C3F1C32C2B84F9003791DE /* Assets.xcassets */ = {isa = PBXFileReference; lastKnownFileType = folder.assetcatalog; path = Assets.xcassets; sourceTree = "<group>"; };
		A6C3F1C62C2B84F9003791DE /* Preview Assets.xcassets */ = {isa = PBXFileReference; lastKnownFileType = folder.assetcatalog; path = "Preview Assets.xcassets"; sourceTree = "<group>"; };
		A6C3F1CC2C2B84FA003791DE /* CPCalculatoraAppTests.xctest */ = {isa = PBXFileReference; explicitFileType = wrapper.cfbundle; includeInIndex = 0; path = CPCalculatoraAppTests.xctest; sourceTree = BUILT_PRODUCTS_DIR; };
		A6C3F1D02C2B84FA003791DE /* CPCalculatoraAppTests.swift */ = {isa = PBXFileReference; lastKnownFileType = sourcecode.swift; path = CPCalculatoraAppTests.swift; sourceTree = "<group>"; };
		A6C3F1D62C2B84FA003791DE /* CPCalculatoraAppUITests.xctest */ = {isa = PBXFileReference; explicitFileType = wrapper.cfbundle; includeInIndex = 0; path = CPCalculatoraAppUITests.xctest; sourceTree = BUILT_PRODUCTS_DIR; };
		A6C3F1DA2C2B84FA003791DE /* CPCalculatoraAppUITests.swift */ = {isa = PBXFileReference; lastKnownFileType = sourcecode.swift; path = CPCalculatoraAppUITests.swift; sourceTree = "<group>"; };
		A6C3F1DC2C2B84FA003791DE /* CPCalculatoraAppUITestsLaunchTests.swift */ = {isa = PBXFileReference; lastKnownFileType = sourcecode.swift; path = CPCalculatoraAppUITestsLaunchTests.swift; sourceTree = "<group>"; };
/* End PBXFileReference section */

/* Begin PBXFrameworksBuildPhase section */
		A6C3F1B92C2B84F7003791DE /* Frameworks */ = {
			isa = PBXFrameworksBuildPhase;
			buildActionMask = 2147483647;
			files = (
			);
			runOnlyForDeploymentPostprocessing = 0;
		};
		A6C3F1C92C2B84FA003791DE /* Frameworks */ = {
			isa = PBXFrameworksBuildPhase;
			buildActionMask = 2147483647;
			files = (
			);
			runOnlyForDeploymentPostprocessing = 0;
		};
		A6C3F1D32C2B84FA003791DE /* Frameworks */ = {
			isa = PBXFrameworksBuildPhase;
			buildActionMask = 2147483647;
			files = (
			);
			runOnlyForDeploymentPostprocessing = 0;
		};
/* End PBXFrameworksBuildPhase section */

/* Begin PBXGroup section */
		A6C3F1B32C2B84F7003791DE = {
			isa = PBXGroup;
			children = (
				A6C3F1BE2C2B84F7003791DE /* CPCalculatoraApp */,
				A6C3F1CF2C2B84FA003791DE /* CPCalculatoraAppTests */,
				A6C3F1D92C2B84FA003791DE /* CPCalculatoraAppUITests */,
				A6C3F1BD2C2B84F7003791DE /* Products */,
			);
			sourceTree = "<group>";
		};
		A6C3F1BD2C2B84F7003791DE /* Products */ = {
			isa = PBXGroup;
			children = (
				A6C3F1BC2C2B84F7003791DE /* CPCalculatoraApp.app */,
				A6C3F1CC2C2B84FA003791DE /* CPCalculatoraAppTests.xctest */,
				A6C3F1D62C2B84FA003791DE /* CPCalculatoraAppUITests.xctest */,
			);
			name = Products;
			sourceTree = "<group>";
		};
		A6C3F1BE2C2B84F7003791DE /* CPCalculatoraApp */ = {
			isa = PBXGroup;
			children = (
				A6C3F1EA2C2B8523003791DE /* Application */,
				A6C3F1EB2C2B8532003791DE /* Modules */,
				A6C3F1E92C2B8518003791DE /* Resources */,
				A6C3F1C52C2B84F9003791DE /* Preview Content */,
			);
			path = CPCalculatoraApp;
			sourceTree = "<group>";
		};
		A6C3F1C52C2B84F9003791DE /* Preview Content */ = {
			isa = PBXGroup;
			children = (
				A6C3F1C62C2B84F9003791DE /* Preview Assets.xcassets */,
			);
			path = "Preview Content";
			sourceTree = "<group>";
		};
		A6C3F1CF2C2B84FA003791DE /* CPCalculatoraAppTests */ = {
			isa = PBXGroup;
			children = (
				A6C3F1D02C2B84FA003791DE /* CPCalculatoraAppTests.swift */,
			);
			path = CPCalculatoraAppTests;
			sourceTree = "<group>";
		};
		A6C3F1D92C2B84FA003791DE /* CPCalculatoraAppUITests */ = {
			isa = PBXGroup;
			children = (
				A6C3F1DA2C2B84FA003791DE /* CPCalculatoraAppUITests.swift */,
				A6C3F1DC2C2B84FA003791DE /* CPCalculatoraAppUITestsLaunchTests.swift */,
			);
			path = CPCalculatoraAppUITests;
			sourceTree = "<group>";
		};
		A6C3F1E92C2B8518003791DE /* Resources */ = {
			isa = PBXGroup;
			children = (
				A6C3F1C32C2B84F9003791DE /* Assets.xcassets */,
			);
			path = Resources;
			sourceTree = "<group>";
		};
		A6C3F1EA2C2B8523003791DE /* Application */ = {
			isa = PBXGroup;
			children = (
				A6C3F1BF2C2B84F7003791DE /* CPCalculatoraAppApp.swift */,
			);
			path = Application;
			sourceTree = "<group>";
		};
		A6C3F1EB2C2B8532003791DE /* Modules */ = {
			isa = PBXGroup;
			children = (
				A6C3F1C12C2B84F7003791DE /* ContentView.swift */,
			);
			path = Modules;
			sourceTree = "<group>";
		};
/* End PBXGroup section */

/* Begin PBXNativeTarget section */
		A6C3F1BB2C2B84F7003791DE /* CPCalculatoraApp */ = {
			isa = PBXNativeTarget;
			buildConfigurationList = A6C3F1E02C2B84FA003791DE /* Build configuration list for PBXNativeTarget "CPCalculatoraApp" */;
			buildPhases = (
				A6C3F1B82C2B84F7003791DE /* Sources */,
				A6C3F1B92C2B84F7003791DE /* Frameworks */,
				A6C3F1BA2C2B84F7003791DE /* Resources */,
			);
			buildRules = (
			);
			dependencies = (
			);
			name = CPCalculatoraApp;
			productName = CPCalculatoraApp;
			productReference = A6C3F1BC2C2B84F7003791DE /* CPCalculatoraApp.app */;
			productType = "com.apple.product-type.application";
		};
		A6C3F1CB2C2B84FA003791DE /* CPCalculatoraAppTests */ = {
			isa = PBXNativeTarget;
			buildConfigurationList = A6C3F1E32C2B84FA003791DE /* Build configuration list for PBXNativeTarget "CPCalculatoraAppTests" */;
			buildPhases = (
				A6C3F1C82C2B84FA003791DE /* Sources */,
				A6C3F1C92C2B84FA003791DE /* Frameworks */,
				A6C3F1CA2C2B84FA003791DE /* Resources */,
			);
			buildRules = (
			);
			dependencies = (
				A6C3F1CE2C2B84FA003791DE /* PBXTargetDependency */,
			);
			name = CPCalculatoraAppTests;
			productName = CPCalculatoraAppTests;
			productReference = A6C3F1CC2C2B84FA003791DE /* CPCalculatoraAppTests.xctest */;
			productType = "com.apple.product-type.bundle.unit-test";
		};
		A6C3F1D52C2B84FA003791DE /* CPCalculatoraAppUITests */ = {
			isa = PBXNativeTarget;
			buildConfigurationList = A6C3F1E62C2B84FA003791DE /* Build configuration list for PBXNativeTarget "CPCalculatoraAppUITests" */;
			buildPhases = (
				A6C3F1D22C2B84FA003791DE /* Sources */,
				A6C3F1D32C2B84FA003791DE /* Frameworks */,
				A6C3F1D42C2B84FA003791DE /* Resources */,
			);
			buildRules = (
			);
			dependencies = (
				A6C3F1D82C2B84FA003791DE /* PBXTargetDependency */,
			);
			name = CPCalculatoraAppUITests;
			productName = CPCalculatoraAppUITests;
			productReference = A6C3F1D62C2B84FA003791DE /* CPCalculatoraAppUITests.xctest */;
			productType = "com.apple.product-type.bundle.ui-testing";
		};
/* End PBXNativeTarget section */

/* Begin PBXProject section */
		A6C3F1B42C2B84F7003791DE /* Project object */ = {
			isa = PBXProject;
			attributes = {
				BuildIndependentTargetsInParallel = 1;
				LastSwiftUpdateCheck = 1530;
				LastUpgradeCheck = 1530;
				TargetAttributes = {
					A6C3F1BB2C2B84F7003791DE = {
						CreatedOnToolsVersion = 15.3;
					};
					A6C3F1CB2C2B84FA003791DE = {
						CreatedOnToolsVersion = 15.3;
						TestTargetID = A6C3F1BB2C2B84F7003791DE;
					};
					A6C3F1D52C2B84FA003791DE = {
						CreatedOnToolsVersion = 15.3;
						TestTargetID = A6C3F1BB2C2B84F7003791DE;
					};
				};
			};
			buildConfigurationList = A6C3F1B72C2B84F7003791DE /* Build configuration list for PBXProject "CPCalculatoraApp" */;
			compatibilityVersion = "Xcode 14.0";
			developmentRegion = en;
			hasScannedForEncodings = 0;
			knownRegions = (
				en,
				Base,
			);
			mainGroup = A6C3F1B32C2B84F7003791DE;
			productRefGroup = A6C3F1BD2C2B84F7003791DE /* Products */;
			projectDirPath = "";
			projectRoot = "";
			targets = (
				A6C3F1BB2C2B84F7003791DE /* CPCalculatoraApp */,
				A6C3F1CB2C2B84FA003791DE /* CPCalculatoraAppTests */,
				A6C3F1D52C2B84FA003791DE /* CPCalculatoraAppUITests */,
			);
		};
/* End PBXProject section */

/* Begin PBXResourcesBuildPhase section */
		A6C3F1BA2C2B84F7003791DE /* Resources */ = {
			isa = PBXResourcesBuildPhase;
			buildActionMask = 2147483647;
			files = (
				A6C3F1C72C2B84F9003791DE /* Preview Assets.xcassets in Resources */,
				A6C3F1C42C2B84F9003791DE /* Assets.xcassets in Resources */,
			);
			runOnlyForDeploymentPostprocessing = 0;
		};
		A6C3F1CA2C2B84FA003791DE /* Resources */ = {
			isa = PBXResourcesBuildPhase;
			buildActionMask = 2147483647;
			files = (
			);
			runOnlyForDeploymentPostprocessing = 0;
		};
		A6C3F1D42C2B84FA003791DE /* Resources */ = {
			isa = PBXResourcesBuildPhase;
			buildActionMask = 2147483647;
			files = (
			);
			runOnlyForDeploymentPostprocessing = 0;
		};
/* End PBXResourcesBuildPhase section */

/* Begin PBXSourcesBuildPhase section */
		A6C3F1B82C2B84F7003791DE /* Sources */ = {
			isa = PBXSourcesBuildPhase;
			buildActionMask = 2147483647;
			files = (
				A6C3F1C22C2B84F7003791DE /* ContentView.swift in Sources */,
				A6C3F1C02C2B84F7003791DE /* CPCalculatoraAppApp.swift in Sources */,
			);
			runOnlyForDeploymentPostprocessing = 0;
		};
		A6C3F1C82C2B84FA003791DE /* Sources */ = {
			isa = PBXSourcesBuildPhase;
			buildActionMask = 2147483647;
			files = (
				A6C3F1D12C2B84FA003791DE /* CPCalculatoraAppTests.swift in Sources */,
			);
			runOnlyForDeploymentPostprocessing = 0;
		};
		A6C3F1D22C2B84FA003791DE /* Sources */ = {
			isa = PBXSourcesBuildPhase;
			buildActionMask = 2147483647;
			files = (
				A6C3F1DB2C2B84FA003791DE /* CPCalculatoraAppUITests.swift in Sources */,
				A6C3F1DD2C2B84FA003791DE /* CPCalculatoraAppUITestsLaunchTests.swift in Sources */,
			);
			runOnlyForDeploymentPostprocessing = 0;
		};
/* End PBXSourcesBuildPhase section */

/* Begin PBXTargetDependency section */
		A6C3F1CE2C2B84FA003791DE /* PBXTargetDependency */ = {
			isa = PBXTargetDependency;
			target = A6C3F1BB2C2B84F7003791DE /* CPCalculatoraApp */;
			targetProxy = A6C3F1CD2C2B84FA003791DE /* PBXContainerItemProxy */;
		};
		A6C3F1D82C2B84FA003791DE /* PBXTargetDependency */ = {
			isa = PBXTargetDependency;
			target = A6C3F1BB2C2B84F7003791DE /* CPCalculatoraApp */;
			targetProxy = A6C3F1D72C2B84FA003791DE /* PBXContainerItemProxy */;
		};
/* End PBXTargetDependency section */

/* Begin XCBuildConfiguration section */
		A6C3F1DE2C2B84FA003791DE /* Debug */ = {
			isa = XCBuildConfiguration;
			buildSettings = {
				ALWAYS_SEARCH_USER_PATHS = NO;
				ASSETCATALOG_COMPILER_GENERATE_SWIFT_ASSET_SYMBOL_EXTENSIONS = YES;
				CLANG_ANALYZER_NONNULL = YES;
				CLANG_ANALYZER_NUMBER_OBJECT_CONVERSION = YES_AGGRESSIVE;
				CLANG_CXX_LANGUAGE_STANDARD = "gnu++20";
				CLANG_ENABLE_MODULES = YES;
				CLANG_ENABLE_OBJC_ARC = YES;
				CLANG_ENABLE_OBJC_WEAK = YES;
				CLANG_WARN_BLOCK_CAPTURE_AUTORELEASING = YES;
				CLANG_WARN_BOOL_CONVERSION = YES;
				CLANG_WARN_COMMA = YES;
				CLANG_WARN_CONSTANT_CONVERSION = YES;
				CLANG_WARN_DEPRECATED_OBJC_IMPLEMENTATIONS = YES;
				CLANG_WARN_DIRECT_OBJC_ISA_USAGE = YES_ERROR;
				CLANG_WARN_DOCUMENTATION_COMMENTS = YES;
				CLANG_WARN_EMPTY_BODY = YES;
				CLANG_WARN_ENUM_CONVERSION = YES;
				CLANG_WARN_INFINITE_RECURSION = YES;
				CLANG_WARN_INT_CONVERSION = YES;
				CLANG_WARN_NON_LITERAL_NULL_CONVERSION = YES;
				CLANG_WARN_OBJC_IMPLICIT_RETAIN_SELF = YES;
				CLANG_WARN_OBJC_LITERAL_CONVERSION = YES;
				CLANG_WARN_OBJC_ROOT_CLASS = YES_ERROR;
				CLANG_WARN_QUOTED_INCLUDE_IN_FRAMEWORK_HEADER = YES;
				CLANG_WARN_RANGE_LOOP_ANALYSIS = YES;
				CLANG_WARN_STRICT_PROTOTYPES = YES;
				CLANG_WARN_SUSPICIOUS_MOVE = YES;
				CLANG_WARN_UNGUARDED_AVAILABILITY = YES_AGGRESSIVE;
				CLANG_WARN_UNREACHABLE_CODE = YES;
				CLANG_WARN__DUPLICATE_METHOD_MATCH = YES;
				COPY_PHASE_STRIP = NO;
				DEBUG_INFORMATION_FORMAT = dwarf;
				ENABLE_STRICT_OBJC_MSGSEND = YES;
				ENABLE_TESTABILITY = YES;
				ENABLE_USER_SCRIPT_SANDBOXING = YES;
				GCC_C_LANGUAGE_STANDARD = gnu17;
				GCC_DYNAMIC_NO_PIC = NO;
				GCC_NO_COMMON_BLOCKS = YES;
				GCC_OPTIMIZATION_LEVEL = 0;
				GCC_PREPROCESSOR_DEFINITIONS = (
					"DEBUG=1",
					"$(inherited)",
				);
				GCC_WARN_64_TO_32_BIT_CONVERSION = YES;
				GCC_WARN_ABOUT_RETURN_TYPE = YES_ERROR;
				GCC_WARN_UNDECLARED_SELECTOR = YES;
				GCC_WARN_UNINITIALIZED_AUTOS = YES_AGGRESSIVE;
				GCC_WARN_UNUSED_FUNCTION = YES;
				GCC_WARN_UNUSED_VARIABLE = YES;
				IPHONEOS_DEPLOYMENT_TARGET = 15.0;
				LOCALIZATION_PREFERS_STRING_CATALOGS = YES;
				MTL_ENABLE_DEBUG_INFO = INCLUDE_SOURCE;
				MTL_FAST_MATH = YES;
				ONLY_ACTIVE_ARCH = YES;
				SDKROOT = iphoneos;
				SWIFT_ACTIVE_COMPILATION_CONDITIONS = "DEBUG $(inherited)";
				SWIFT_OPTIMIZATION_LEVEL = "-Onone";
			};
			name = Debug;
		};
		A6C3F1DF2C2B84FA003791DE /* Release */ = {
			isa = XCBuildConfiguration;
			buildSettings = {
				ALWAYS_SEARCH_USER_PATHS = NO;
				ASSETCATALOG_COMPILER_GENERATE_SWIFT_ASSET_SYMBOL_EXTENSIONS = YES;
				CLANG_ANALYZER_NONNULL = YES;
				CLANG_ANALYZER_NUMBER_OBJECT_CONVERSION = YES_AGGRESSIVE;
				CLANG_CXX_LANGUAGE_STANDARD = "gnu++20";
				CLANG_ENABLE_MODULES = YES;
				CLANG_ENABLE_OBJC_ARC = YES;
				CLANG_ENABLE_OBJC_WEAK = YES;
				CLANG_WARN_BLOCK_CAPTURE_AUTORELEASING = YES;
				CLANG_WARN_BOOL_CONVERSION = YES;
				CLANG_WARN_COMMA = YES;
				CLANG_WARN_CONSTANT_CONVERSION = YES;
				CLANG_WARN_DEPRECATED_OBJC_IMPLEMENTATIONS = YES;
				CLANG_WARN_DIRECT_OBJC_ISA_USAGE = YES_ERROR;
				CLANG_WARN_DOCUMENTATION_COMMENTS = YES;
				CLANG_WARN_EMPTY_BODY = YES;
				CLANG_WARN_ENUM_CONVERSION = YES;
				CLANG_WARN_INFINITE_RECURSION = YES;
				CLANG_WARN_INT_CONVERSION = YES;
				CLANG_WARN_NON_LITERAL_NULL_CONVERSION = YES;
				CLANG_WARN_OBJC_IMPLICIT_RETAIN_SELF = YES;
				CLANG_WARN_OBJC_LITERAL_CONVERSION = YES;
				CLANG_WARN_OBJC_ROOT_CLASS = YES_ERROR;
				CLANG_WARN_QUOTED_INCLUDE_IN_FRAMEWORK_HEADER = YES;
				CLANG_WARN_RANGE_LOOP_ANALYSIS = YES;
				CLANG_WARN_STRICT_PROTOTYPES = YES;
				CLANG_WARN_SUSPICIOUS_MOVE = YES;
				CLANG_WARN_UNGUARDED_AVAILABILITY = YES_AGGRESSIVE;
				CLANG_WARN_UNREACHABLE_CODE = YES;
				CLANG_WARN__DUPLICATE_METHOD_MATCH = YES;
				COPY_PHASE_STRIP = NO;
				DEBUG_INFORMATION_FORMAT = "dwarf-with-dsym";
				ENABLE_NS_ASSERTIONS = NO;
				ENABLE_STRICT_OBJC_MSGSEND = YES;
				ENABLE_USER_SCRIPT_SANDBOXING = YES;
				GCC_C_LANGUAGE_STANDARD = gnu17;
				GCC_NO_COMMON_BLOCKS = YES;
				GCC_WARN_64_TO_32_BIT_CONVERSION = YES;
				GCC_WARN_ABOUT_RETURN_TYPE = YES_ERROR;
				GCC_WARN_UNDECLARED_SELECTOR = YES;
				GCC_WARN_UNINITIALIZED_AUTOS = YES_AGGRESSIVE;
				GCC_WARN_UNUSED_FUNCTION = YES;
				GCC_WARN_UNUSED_VARIABLE = YES;
				IPHONEOS_DEPLOYMENT_TARGET = 15.0;
				LOCALIZATION_PREFERS_STRING_CATALOGS = YES;
				MTL_ENABLE_DEBUG_INFO = NO;
				MTL_FAST_MATH = YES;
				SDKROOT = iphoneos;
				SWIFT_COMPILATION_MODE = wholemodule;
				VALIDATE_PRODUCT = YES;
			};
			name = Release;
		};
		A6C3F1E12C2B84FA003791DE /* Debug */ = {
			isa = XCBuildConfiguration;
			buildSettings = {
				ASSETCATALOG_COMPILER_APPICON_NAME = AppIcon;
				ASSETCATALOG_COMPILER_GLOBAL_ACCENT_COLOR_NAME = AccentColor;
				CODE_SIGN_STYLE = Automatic;
				CURRENT_PROJECT_VERSION = 1;
				DEVELOPMENT_ASSET_PATHS = "\"CPCalculatoraApp/Preview Content\"";
				DEVELOPMENT_TEAM = ZJJ275SY3R;
				ENABLE_PREVIEWS = YES;
				GENERATE_INFOPLIST_FILE = YES;
				INFOPLIST_KEY_UIApplicationSceneManifest_Generation = YES;
				INFOPLIST_KEY_UIApplicationSupportsIndirectInputEvents = YES;
				INFOPLIST_KEY_UILaunchScreen_Generation = YES;
				INFOPLIST_KEY_UISupportedInterfaceOrientations_iPad = "UIInterfaceOrientationPortrait UIInterfaceOrientationPortraitUpsideDown UIInterfaceOrientationLandscapeLeft UIInterfaceOrientationLandscapeRight";
				INFOPLIST_KEY_UISupportedInterfaceOrientations_iPhone = "UIInterfaceOrientationPortrait UIInterfaceOrientationLandscapeLeft UIInterfaceOrientationLandscapeRight";
				IPHONEOS_DEPLOYMENT_TARGET = 15.0;
				LD_RUNPATH_SEARCH_PATHS = (
					"$(inherited)",
					"@executable_path/Frameworks",
				);
				MARKETING_VERSION = 1.0;
				PRODUCT_BUNDLE_IDENTIFIER = com.cristianpb.CPCalculatoraApp;
				PRODUCT_NAME = "$(TARGET_NAME)";
				SWIFT_EMIT_LOC_STRINGS = YES;
				SWIFT_VERSION = 5.0;
				TARGETED_DEVICE_FAMILY = "1,2";
			};
			name = Debug;
		};
		A6C3F1E22C2B84FA003791DE /* Release */ = {
			isa = XCBuildConfiguration;
			buildSettings = {
				ASSETCATALOG_COMPILER_APPICON_NAME = AppIcon;
				ASSETCATALOG_COMPILER_GLOBAL_ACCENT_COLOR_NAME = AccentColor;
				CODE_SIGN_STYLE = Automatic;
				CURRENT_PROJECT_VERSION = 1;
				DEVELOPMENT_ASSET_PATHS = "\"CPCalculatoraApp/Preview Content\"";
				DEVELOPMENT_TEAM = ZJJ275SY3R;
				ENABLE_PREVIEWS = YES;
				GENERATE_INFOPLIST_FILE = YES;
				INFOPLIST_KEY_UIApplicationSceneManifest_Generation = YES;
				INFOPLIST_KEY_UIApplicationSupportsIndirectInputEvents = YES;
				INFOPLIST_KEY_UILaunchScreen_Generation = YES;
				INFOPLIST_KEY_UISupportedInterfaceOrientations_iPad = "UIInterfaceOrientationPortrait UIInterfaceOrientationPortraitUpsideDown UIInterfaceOrientationLandscapeLeft UIInterfaceOrientationLandscapeRight";
				INFOPLIST_KEY_UISupportedInterfaceOrientations_iPhone = "UIInterfaceOrientationPortrait UIInterfaceOrientationLandscapeLeft UIInterfaceOrientationLandscapeRight";
				IPHONEOS_DEPLOYMENT_TARGET = 15.0;
				LD_RUNPATH_SEARCH_PATHS = (
					"$(inherited)",
					"@executable_path/Frameworks",
				);
				MARKETING_VERSION = 1.0;
				PRODUCT_BUNDLE_IDENTIFIER = com.cristianpb.CPCalculatoraApp;
				PRODUCT_NAME = "$(TARGET_NAME)";
				SWIFT_EMIT_LOC_STRINGS = YES;
				SWIFT_VERSION = 5.0;
				TARGETED_DEVICE_FAMILY = "1,2";
			};
			name = Release;
		};
		A6C3F1E42C2B84FA003791DE /* Debug */ = {
			isa = XCBuildConfiguration;
			buildSettings = {
				ALWAYS_EMBED_SWIFT_STANDARD_LIBRARIES = YES;
				BUNDLE_LOADER = "$(TEST_HOST)";
				CODE_SIGN_STYLE = Automatic;
				CURRENT_PROJECT_VERSION = 1;
				DEVELOPMENT_TEAM = ZJJ275SY3R;
				GENERATE_INFOPLIST_FILE = YES;
				IPHONEOS_DEPLOYMENT_TARGET = 17.4;
				MARKETING_VERSION = 1.0;
				PRODUCT_BUNDLE_IDENTIFIER = com.cristianpb.CPCalculatoraAppTests;
				PRODUCT_NAME = "$(TARGET_NAME)";
				SWIFT_EMIT_LOC_STRINGS = NO;
				SWIFT_VERSION = 5.0;
				TARGETED_DEVICE_FAMILY = "1,2";
				TEST_HOST = "$(BUILT_PRODUCTS_DIR)/CPCalculatoraApp.app/$(BUNDLE_EXECUTABLE_FOLDER_PATH)/CPCalculatoraApp";
			};
			name = Debug;
		};
		A6C3F1E52C2B84FA003791DE /* Release */ = {
			isa = XCBuildConfiguration;
			buildSettings = {
				ALWAYS_EMBED_SWIFT_STANDARD_LIBRARIES = YES;
				BUNDLE_LOADER = "$(TEST_HOST)";
				CODE_SIGN_STYLE = Automatic;
				CURRENT_PROJECT_VERSION = 1;
				DEVELOPMENT_TEAM = ZJJ275SY3R;
				GENERATE_INFOPLIST_FILE = YES;
				IPHONEOS_DEPLOYMENT_TARGET = 17.4;
				MARKETING_VERSION = 1.0;
				PRODUCT_BUNDLE_IDENTIFIER = com.cristianpb.CPCalculatoraAppTests;
				PRODUCT_NAME = "$(TARGET_NAME)";
				SWIFT_EMIT_LOC_STRINGS = NO;
				SWIFT_VERSION = 5.0;
				TARGETED_DEVICE_FAMILY = "1,2";
				TEST_HOST = "$(BUILT_PRODUCTS_DIR)/CPCalculatoraApp.app/$(BUNDLE_EXECUTABLE_FOLDER_PATH)/CPCalculatoraApp";
			};
			name = Release;
		};
		A6C3F1E72C2B84FA003791DE /* Debug */ = {
			isa = XCBuildConfiguration;
			buildSettings = {
				ALWAYS_EMBED_SWIFT_STANDARD_LIBRARIES = YES;
				CODE_SIGN_STYLE = Automatic;
				CURRENT_PROJECT_VERSION = 1;
				DEVELOPMENT_TEAM = ZJJ275SY3R;
				GENERATE_INFOPLIST_FILE = YES;
				MARKETING_VERSION = 1.0;
				PRODUCT_BUNDLE_IDENTIFIER = com.cristianpb.CPCalculatoraAppUITests;
				PRODUCT_NAME = "$(TARGET_NAME)";
				SWIFT_EMIT_LOC_STRINGS = NO;
				SWIFT_VERSION = 5.0;
				TARGETED_DEVICE_FAMILY = "1,2";
				TEST_TARGET_NAME = CPCalculatoraApp;
			};
			name = Debug;
		};
		A6C3F1E82C2B84FA003791DE /* Release */ = {
			isa = XCBuildConfiguration;
			buildSettings = {
				ALWAYS_EMBED_SWIFT_STANDARD_LIBRARIES = YES;
				CODE_SIGN_STYLE = Automatic;
				CURRENT_PROJECT_VERSION = 1;
				DEVELOPMENT_TEAM = ZJJ275SY3R;
				GENERATE_INFOPLIST_FILE = YES;
				MARKETING_VERSION = 1.0;
				PRODUCT_BUNDLE_IDENTIFIER = com.cristianpb.CPCalculatoraAppUITests;
				PRODUCT_NAME = "$(TARGET_NAME)";
				SWIFT_EMIT_LOC_STRINGS = NO;
				SWIFT_VERSION = 5.0;
				TARGETED_DEVICE_FAMILY = "1,2";
				TEST_TARGET_NAME = CPCalculatoraApp;
			};
			name = Release;
		};
/* End XCBuildConfiguration section */

/* Begin XCConfigurationList section */
		A6C3F1B72C2B84F7003791DE /* Build configuration list for PBXProject "CPCalculatoraApp" */ = {
			isa = XCConfigurationList;
			buildConfigurations = (
				A6C3F1DE2C2B84FA003791DE /* Debug */,
				A6C3F1DF2C2B84FA003791DE /* Release */,
			);
			defaultConfigurationIsVisible = 0;
			defaultConfigurationName = Release;
		};
		A6C3F1E02C2B84FA003791DE /* Build configuration list for PBXNativeTarget "CPCalculatoraApp" */ = {
			isa = XCConfigurationList;
			buildConfigurations = (
				A6C3F1E12C2B84FA003791DE /* Debug */,
				A6C3F1E22C2B84FA003791DE /* Release */,
			);
			defaultConfigurationIsVisible = 0;
			defaultConfigurationName = Release;
		};
		A6C3F1E32C2B84FA003791DE /* Build configuration list for PBXNativeTarget "CPCalculatoraAppTests" */ = {
			isa = XCConfigurationList;
			buildConfigurations = (
				A6C3F1E42C2B84FA003791DE /* Debug */,
				A6C3F1E52C2B84FA003791DE /* Release */,
			);
			defaultConfigurationIsVisible = 0;
			defaultConfigurationName = Release;
		};
		A6C3F1E62C2B84FA003791DE /* Build configuration list for PBXNativeTarget "CPCalculatoraAppUITests" */ = {
			isa = XCConfigurationList;
			buildConfigurations = (
				A6C3F1E72C2B84FA003791DE /* Debug */,
				A6C3F1E82C2B84FA003791DE /* Release */,
			);
			defaultConfigurationIsVisible = 0;
			defaultConfigurationName = Release;
		};
/* End XCConfigurationList section */
	};
	rootObject = A6C3F1B42C2B84F7003791DE /* Project object */;
}
