// !$*UTF8*$!
{
	archiveVersion = 1;
	classes = {
	};
	objectVersion = 56;
	objects = {

/* Begin PBXBuildFile section */
		A6A598052C091C8600C387E9 /* SwiftUIBetaApp.swift in Sources */ = {isa = PBXBuildFile; fileRef = A6A598042C091C8600C387E9 /* SwiftUIBetaApp.swift */; };
		A6A598072C091C8600C387E9 /* ContentView.swift in Sources */ = {isa = PBXBuildFile; fileRef = A6A598062C091C8600C387E9 /* ContentView.swift */; };
		A6A598092C091C8B00C387E9 /* Assets.xcassets in Resources */ = {isa = PBXBuildFile; fileRef = A6A598082C091C8B00C387E9 /* Assets.xcassets */; };
		A6A5980C2C091C8B00C387E9 /* Preview Assets.xcassets in Resources */ = {isa = PBXBuildFile; fileRef = A6A5980B2C091C8B00C387E9 /* Preview Assets.xcassets */; };
		A6A598162C091C8B00C387E9 /* SwiftUIBetaTests.swift in Sources */ = {isa = PBXBuildFile; fileRef = A6A598152C091C8B00C387E9 /* SwiftUIBetaTests.swift */; };
		A6A598202C091C8B00C387E9 /* SwiftUIBetaUITests.swift in Sources */ = {isa = PBXBuildFile; fileRef = A6A5981F2C091C8B00C387E9 /* SwiftUIBetaUITests.swift */; };
		A6A598222C091C8B00C387E9 /* SwiftUIBetaUITestsLaunchTests.swift in Sources */ = {isa = PBXBuildFile; fileRef = A6A598212C091C8B00C387E9 /* SwiftUIBetaUITestsLaunchTests.swift */; };
/* End PBXBuildFile section */

/* Begin PBXContainerItemProxy section */
		A6A598122C091C8B00C387E9 /* PBXContainerItemProxy */ = {
			isa = PBXContainerItemProxy;
			containerPortal = A6A597F92C091C8600C387E9 /* Project object */;
			proxyType = 1;
			remoteGlobalIDString = A6A598002C091C8600C387E9;
			remoteInfo = SwiftUIBeta;
		};
		A6A5981C2C091C8B00C387E9 /* PBXContainerItemProxy */ = {
			isa = PBXContainerItemProxy;
			containerPortal = A6A597F92C091C8600C387E9 /* Project object */;
			proxyType = 1;
			remoteGlobalIDString = A6A598002C091C8600C387E9;
			remoteInfo = SwiftUIBeta;
		};
/* End PBXContainerItemProxy section */

/* Begin PBXFileReference section */
		A6A598012C091C8600C387E9 /* SwiftUIBeta.app */ = {isa = PBXFileReference; explicitFileType = wrapper.application; includeInIndex = 0; path = SwiftUIBeta.app; sourceTree = BUILT_PRODUCTS_DIR; };
		A6A598042C091C8600C387E9 /* SwiftUIBetaApp.swift */ = {isa = PBXFileReference; lastKnownFileType = sourcecode.swift; path = SwiftUIBetaApp.swift; sourceTree = "<group>"; };
		A6A598062C091C8600C387E9 /* ContentView.swift */ = {isa = PBXFileReference; lastKnownFileType = sourcecode.swift; path = ContentView.swift; sourceTree = "<group>"; };
		A6A598082C091C8B00C387E9 /* Assets.xcassets */ = {isa = PBXFileReference; lastKnownFileType = folder.assetcatalog; path = Assets.xcassets; sourceTree = "<group>"; };
		A6A5980B2C091C8B00C387E9 /* Preview Assets.xcassets */ = {isa = PBXFileReference; lastKnownFileType = folder.assetcatalog; path = "Preview Assets.xcassets"; sourceTree = "<group>"; };
		A6A598112C091C8B00C387E9 /* SwiftUIBetaTests.xctest */ = {isa = PBXFileReference; explicitFileType = wrapper.cfbundle; includeInIndex = 0; path = SwiftUIBetaTests.xctest; sourceTree = BUILT_PRODUCTS_DIR; };
		A6A598152C091C8B00C387E9 /* SwiftUIBetaTests.swift */ = {isa = PBXFileReference; lastKnownFileType = sourcecode.swift; path = SwiftUIBetaTests.swift; sourceTree = "<group>"; };
		A6A5981B2C091C8B00C387E9 /* SwiftUIBetaUITests.xctest */ = {isa = PBXFileReference; explicitFileType = wrapper.cfbundle; includeInIndex = 0; path = SwiftUIBetaUITests.xctest; sourceTree = BUILT_PRODUCTS_DIR; };
		A6A5981F2C091C8B00C387E9 /* SwiftUIBetaUITests.swift */ = {isa = PBXFileReference; lastKnownFileType = sourcecode.swift; path = SwiftUIBetaUITests.swift; sourceTree = "<group>"; };
		A6A598212C091C8B00C387E9 /* SwiftUIBetaUITestsLaunchTests.swift */ = {isa = PBXFileReference; lastKnownFileType = sourcecode.swift; path = SwiftUIBetaUITestsLaunchTests.swift; sourceTree = "<group>"; };
/* End PBXFileReference section */

/* Begin PBXFrameworksBuildPhase section */
		A6A597FE2C091C8600C387E9 /* Frameworks */ = {
			isa = PBXFrameworksBuildPhase;
			buildActionMask = 2147483647;
			files = (
			);
			runOnlyForDeploymentPostprocessing = 0;
		};
		A6A5980E2C091C8B00C387E9 /* Frameworks */ = {
			isa = PBXFrameworksBuildPhase;
			buildActionMask = 2147483647;
			files = (
			);
			runOnlyForDeploymentPostprocessing = 0;
		};
		A6A598182C091C8B00C387E9 /* Frameworks */ = {
			isa = PBXFrameworksBuildPhase;
			buildActionMask = 2147483647;
			files = (
			);
			runOnlyForDeploymentPostprocessing = 0;
		};
/* End PBXFrameworksBuildPhase section */

/* Begin PBXGroup section */
		A6A597F82C091C8600C387E9 = {
			isa = PBXGroup;
			children = (
				A6A598032C091C8600C387E9 /* SwiftUIBeta */,
				A6A598142C091C8B00C387E9 /* SwiftUIBetaTests */,
				A6A5981E2C091C8B00C387E9 /* SwiftUIBetaUITests */,
				A6A598022C091C8600C387E9 /* Products */,
			);
			sourceTree = "<group>";
		};
		A6A598022C091C8600C387E9 /* Products */ = {
			isa = PBXGroup;
			children = (
				A6A598012C091C8600C387E9 /* SwiftUIBeta.app */,
				A6A598112C091C8B00C387E9 /* SwiftUIBetaTests.xctest */,
				A6A5981B2C091C8B00C387E9 /* SwiftUIBetaUITests.xctest */,
			);
			name = Products;
			sourceTree = "<group>";
		};
		A6A598032C091C8600C387E9 /* SwiftUIBeta */ = {
			isa = PBXGroup;
			children = (
				A6A598042C091C8600C387E9 /* SwiftUIBetaApp.swift */,
				A6A598062C091C8600C387E9 /* ContentView.swift */,
				A6A598082C091C8B00C387E9 /* Assets.xcassets */,
				A6A5980A2C091C8B00C387E9 /* Preview Content */,
			);
			path = SwiftUIBeta;
			sourceTree = "<group>";
		};
		A6A5980A2C091C8B00C387E9 /* Preview Content */ = {
			isa = PBXGroup;
			children = (
				A6A5980B2C091C8B00C387E9 /* Preview Assets.xcassets */,
			);
			path = "Preview Content";
			sourceTree = "<group>";
		};
		A6A598142C091C8B00C387E9 /* SwiftUIBetaTests */ = {
			isa = PBXGroup;
			children = (
				A6A598152C091C8B00C387E9 /* SwiftUIBetaTests.swift */,
			);
			path = SwiftUIBetaTests;
			sourceTree = "<group>";
		};
		A6A5981E2C091C8B00C387E9 /* SwiftUIBetaUITests */ = {
			isa = PBXGroup;
			children = (
				A6A5981F2C091C8B00C387E9 /* SwiftUIBetaUITests.swift */,
				A6A598212C091C8B00C387E9 /* SwiftUIBetaUITestsLaunchTests.swift */,
			);
			path = SwiftUIBetaUITests;
			sourceTree = "<group>";
		};
/* End PBXGroup section */

/* Begin PBXNativeTarget section */
		A6A598002C091C8600C387E9 /* SwiftUIBeta */ = {
			isa = PBXNativeTarget;
			buildConfigurationList = A6A598252C091C8B00C387E9 /* Build configuration list for PBXNativeTarget "SwiftUIBeta" */;
			buildPhases = (
				A6A597FD2C091C8600C387E9 /* Sources */,
				A6A597FE2C091C8600C387E9 /* Frameworks */,
				A6A597FF2C091C8600C387E9 /* Resources */,
			);
			buildRules = (
			);
			dependencies = (
			);
			name = SwiftUIBeta;
			productName = SwiftUIBeta;
			productReference = A6A598012C091C8600C387E9 /* SwiftUIBeta.app */;
			productType = "com.apple.product-type.application";
		};
		A6A598102C091C8B00C387E9 /* SwiftUIBetaTests */ = {
			isa = PBXNativeTarget;
			buildConfigurationList = A6A598282C091C8B00C387E9 /* Build configuration list for PBXNativeTarget "SwiftUIBetaTests" */;
			buildPhases = (
				A6A5980D2C091C8B00C387E9 /* Sources */,
				A6A5980E2C091C8B00C387E9 /* Frameworks */,
				A6A5980F2C091C8B00C387E9 /* Resources */,
			);
			buildRules = (
			);
			dependencies = (
				A6A598132C091C8B00C387E9 /* PBXTargetDependency */,
			);
			name = SwiftUIBetaTests;
			productName = SwiftUIBetaTests;
			productReference = A6A598112C091C8B00C387E9 /* SwiftUIBetaTests.xctest */;
			productType = "com.apple.product-type.bundle.unit-test";
		};
		A6A5981A2C091C8B00C387E9 /* SwiftUIBetaUITests */ = {
			isa = PBXNativeTarget;
			buildConfigurationList = A6A5982B2C091C8B00C387E9 /* Build configuration list for PBXNativeTarget "SwiftUIBetaUITests" */;
			buildPhases = (
				A6A598172C091C8B00C387E9 /* Sources */,
				A6A598182C091C8B00C387E9 /* Frameworks */,
				A6A598192C091C8B00C387E9 /* Resources */,
			);
			buildRules = (
			);
			dependencies = (
				A6A5981D2C091C8B00C387E9 /* PBXTargetDependency */,
			);
			name = SwiftUIBetaUITests;
			productName = SwiftUIBetaUITests;
			productReference = A6A5981B2C091C8B00C387E9 /* SwiftUIBetaUITests.xctest */;
			productType = "com.apple.product-type.bundle.ui-testing";
		};
/* End PBXNativeTarget section */

/* Begin PBXProject section */
		A6A597F92C091C8600C387E9 /* Project object */ = {
			isa = PBXProject;
			attributes = {
				BuildIndependentTargetsInParallel = 1;
				LastSwiftUpdateCheck = 1530;
				LastUpgradeCheck = 1530;
				TargetAttributes = {
					A6A598002C091C8600C387E9 = {
						CreatedOnToolsVersion = 15.3;
					};
					A6A598102C091C8B00C387E9 = {
						CreatedOnToolsVersion = 15.3;
						TestTargetID = A6A598002C091C8600C387E9;
					};
					A6A5981A2C091C8B00C387E9 = {
						CreatedOnToolsVersion = 15.3;
						TestTargetID = A6A598002C091C8600C387E9;
					};
				};
			};
			buildConfigurationList = A6A597FC2C091C8600C387E9 /* Build configuration list for PBXProject "SwiftUIBeta" */;
			compatibilityVersion = "Xcode 14.0";
			developmentRegion = en;
			hasScannedForEncodings = 0;
			knownRegions = (
				en,
				Base,
			);
			mainGroup = A6A597F82C091C8600C387E9;
			productRefGroup = A6A598022C091C8600C387E9 /* Products */;
			projectDirPath = "";
			projectRoot = "";
			targets = (
				A6A598002C091C8600C387E9 /* SwiftUIBeta */,
				A6A598102C091C8B00C387E9 /* SwiftUIBetaTests */,
				A6A5981A2C091C8B00C387E9 /* SwiftUIBetaUITests */,
			);
		};
/* End PBXProject section */

/* Begin PBXResourcesBuildPhase section */
		A6A597FF2C091C8600C387E9 /* Resources */ = {
			isa = PBXResourcesBuildPhase;
			buildActionMask = 2147483647;
			files = (
				A6A5980C2C091C8B00C387E9 /* Preview Assets.xcassets in Resources */,
				A6A598092C091C8B00C387E9 /* Assets.xcassets in Resources */,
			);
			runOnlyForDeploymentPostprocessing = 0;
		};
		A6A5980F2C091C8B00C387E9 /* Resources */ = {
			isa = PBXResourcesBuildPhase;
			buildActionMask = 2147483647;
			files = (
			);
			runOnlyForDeploymentPostprocessing = 0;
		};
		A6A598192C091C8B00C387E9 /* Resources */ = {
			isa = PBXResourcesBuildPhase;
			buildActionMask = 2147483647;
			files = (
			);
			runOnlyForDeploymentPostprocessing = 0;
		};
/* End PBXResourcesBuildPhase section */

/* Begin PBXSourcesBuildPhase section */
		A6A597FD2C091C8600C387E9 /* Sources */ = {
			isa = PBXSourcesBuildPhase;
			buildActionMask = 2147483647;
			files = (
				A6A598072C091C8600C387E9 /* ContentView.swift in Sources */,
				A6A598052C091C8600C387E9 /* SwiftUIBetaApp.swift in Sources */,
			);
			runOnlyForDeploymentPostprocessing = 0;
		};
		A6A5980D2C091C8B00C387E9 /* Sources */ = {
			isa = PBXSourcesBuildPhase;
			buildActionMask = 2147483647;
			files = (
				A6A598162C091C8B00C387E9 /* SwiftUIBetaTests.swift in Sources */,
			);
			runOnlyForDeploymentPostprocessing = 0;
		};
		A6A598172C091C8B00C387E9 /* Sources */ = {
			isa = PBXSourcesBuildPhase;
			buildActionMask = 2147483647;
			files = (
				A6A598222C091C8B00C387E9 /* SwiftUIBetaUITestsLaunchTests.swift in Sources */,
				A6A598202C091C8B00C387E9 /* SwiftUIBetaUITests.swift in Sources */,
			);
			runOnlyForDeploymentPostprocessing = 0;
		};
/* End PBXSourcesBuildPhase section */

/* Begin PBXTargetDependency section */
		A6A598132C091C8B00C387E9 /* PBXTargetDependency */ = {
			isa = PBXTargetDependency;
			target = A6A598002C091C8600C387E9 /* SwiftUIBeta */;
			targetProxy = A6A598122C091C8B00C387E9 /* PBXContainerItemProxy */;
		};
		A6A5981D2C091C8B00C387E9 /* PBXTargetDependency */ = {
			isa = PBXTargetDependency;
			target = A6A598002C091C8600C387E9 /* SwiftUIBeta */;
			targetProxy = A6A5981C2C091C8B00C387E9 /* PBXContainerItemProxy */;
		};
/* End PBXTargetDependency section */

/* Begin XCBuildConfiguration section */
		A6A598232C091C8B00C387E9 /* Debug */ = {
			isa = XCBuildConfiguration;
			buildSettings = {
				ALWAYS_SEARCH_USER_PATHS = NO;
				ASSETCATALOG_COMPILER_GENERATE_SWIFT_ASSET_SYMBOL_EXTENSIONS = YES;
				CLANG_ANALYZER_NONNULL = YES;
				CLANG_ANALYZER_NUMBER_OBJECT_CONVERSION = YES_AGGRESSIVE;
				CLANG_CXX_LANGUAGE_STANDARD = "gnu++20";
				CLANG_ENABLE_MODULES = YES;
				CLANG_ENABLE_OBJC_ARC = YES;
				CLANG_ENABLE_OBJC_WEAK = YES;
				CLANG_WARN_BLOCK_CAPTURE_AUTORELEASING = YES;
				CLANG_WARN_BOOL_CONVERSION = YES;
				CLANG_WARN_COMMA = YES;
				CLANG_WARN_CONSTANT_CONVERSION = YES;
				CLANG_WARN_DEPRECATED_OBJC_IMPLEMENTATIONS = YES;
				CLANG_WARN_DIRECT_OBJC_ISA_USAGE = YES_ERROR;
				CLANG_WARN_DOCUMENTATION_COMMENTS = YES;
				CLANG_WARN_EMPTY_BODY = YES;
				CLANG_WARN_ENUM_CONVERSION = YES;
				CLANG_WARN_INFINITE_RECURSION = YES;
				CLANG_WARN_INT_CONVERSION = YES;
				CLANG_WARN_NON_LITERAL_NULL_CONVERSION = YES;
				CLANG_WARN_OBJC_IMPLICIT_RETAIN_SELF = YES;
				CLANG_WARN_OBJC_LITERAL_CONVERSION = YES;
				CLANG_WARN_OBJC_ROOT_CLASS = YES_ERROR;
				CLANG_WARN_QUOTED_INCLUDE_IN_FRAMEWORK_HEADER = YES;
				CLANG_WARN_RANGE_LOOP_ANALYSIS = YES;
				CLANG_WARN_STRICT_PROTOTYPES = YES;
				CLANG_WARN_SUSPICIOUS_MOVE = YES;
				CLANG_WARN_UNGUARDED_AVAILABILITY = YES_AGGRESSIVE;
				CLANG_WARN_UNREACHABLE_CODE = YES;
				CLANG_WARN__DUPLICATE_METHOD_MATCH = YES;
				COPY_PHASE_STRIP = NO;
				DEBUG_INFORMATION_FORMAT = dwarf;
				ENABLE_STRICT_OBJC_MSGSEND = YES;
				ENABLE_TESTABILITY = YES;
				ENABLE_USER_SCRIPT_SANDBOXING = YES;
				GCC_C_LANGUAGE_STANDARD = gnu17;
				GCC_DYNAMIC_NO_PIC = NO;
				GCC_NO_COMMON_BLOCKS = YES;
				GCC_OPTIMIZATION_LEVEL = 0;
				GCC_PREPROCESSOR_DEFINITIONS = (
					"DEBUG=1",
					"$(inherited)",
				);
				GCC_WARN_64_TO_32_BIT_CONVERSION = YES;
				GCC_WARN_ABOUT_RETURN_TYPE = YES_ERROR;
				GCC_WARN_UNDECLARED_SELECTOR = YES;
				GCC_WARN_UNINITIALIZED_AUTOS = YES_AGGRESSIVE;
				GCC_WARN_UNUSED_FUNCTION = YES;
				GCC_WARN_UNUSED_VARIABLE = YES;
				IPHONEOS_DEPLOYMENT_TARGET = 17.4;
				LOCALIZATION_PREFERS_STRING_CATALOGS = YES;
				MTL_ENABLE_DEBUG_INFO = INCLUDE_SOURCE;
				MTL_FAST_MATH = YES;
				ONLY_ACTIVE_ARCH = YES;
				SDKROOT = iphoneos;
				SWIFT_ACTIVE_COMPILATION_CONDITIONS = "DEBUG $(inherited)";
				SWIFT_OPTIMIZATION_LEVEL = "-Onone";
			};
			name = Debug;
		};
		A6A598242C091C8B00C387E9 /* Release */ = {
			isa = XCBuildConfiguration;
			buildSettings = {
				ALWAYS_SEARCH_USER_PATHS = NO;
				ASSETCATALOG_COMPILER_GENERATE_SWIFT_ASSET_SYMBOL_EXTENSIONS = YES;
				CLANG_ANALYZER_NONNULL = YES;
				CLANG_ANALYZER_NUMBER_OBJECT_CONVERSION = YES_AGGRESSIVE;
				CLANG_CXX_LANGUAGE_STANDARD = "gnu++20";
				CLANG_ENABLE_MODULES = YES;
				CLANG_ENABLE_OBJC_ARC = YES;
				CLANG_ENABLE_OBJC_WEAK = YES;
				CLANG_WARN_BLOCK_CAPTURE_AUTORELEASING = YES;
				CLANG_WARN_BOOL_CONVERSION = YES;
				CLANG_WARN_COMMA = YES;
				CLANG_WARN_CONSTANT_CONVERSION = YES;
				CLANG_WARN_DEPRECATED_OBJC_IMPLEMENTATIONS = YES;
				CLANG_WARN_DIRECT_OBJC_ISA_USAGE = YES_ERROR;
				CLANG_WARN_DOCUMENTATION_COMMENTS = YES;
				CLANG_WARN_EMPTY_BODY = YES;
				CLANG_WARN_ENUM_CONVERSION = YES;
				CLANG_WARN_INFINITE_RECURSION = YES;
				CLANG_WARN_INT_CONVERSION = YES;
				CLANG_WARN_NON_LITERAL_NULL_CONVERSION = YES;
				CLANG_WARN_OBJC_IMPLICIT_RETAIN_SELF = YES;
				CLANG_WARN_OBJC_LITERAL_CONVERSION = YES;
				CLANG_WARN_OBJC_ROOT_CLASS = YES_ERROR;
				CLANG_WARN_QUOTED_INCLUDE_IN_FRAMEWORK_HEADER = YES;
				CLANG_WARN_RANGE_LOOP_ANALYSIS = YES;
				CLANG_WARN_STRICT_PROTOTYPES = YES;
				CLANG_WARN_SUSPICIOUS_MOVE = YES;
				CLANG_WARN_UNGUARDED_AVAILABILITY = YES_AGGRESSIVE;
				CLANG_WARN_UNREACHABLE_CODE = YES;
				CLANG_WARN__DUPLICATE_METHOD_MATCH = YES;
				COPY_PHASE_STRIP = NO;
				DEBUG_INFORMATION_FORMAT = "dwarf-with-dsym";
				ENABLE_NS_ASSERTIONS = NO;
				ENABLE_STRICT_OBJC_MSGSEND = YES;
				ENABLE_USER_SCRIPT_SANDBOXING = YES;
				GCC_C_LANGUAGE_STANDARD = gnu17;
				GCC_NO_COMMON_BLOCKS = YES;
				GCC_WARN_64_TO_32_BIT_CONVERSION = YES;
				GCC_WARN_ABOUT_RETURN_TYPE = YES_ERROR;
				GCC_WARN_UNDECLARED_SELECTOR = YES;
				GCC_WARN_UNINITIALIZED_AUTOS = YES_AGGRESSIVE;
				GCC_WARN_UNUSED_FUNCTION = YES;
				GCC_WARN_UNUSED_VARIABLE = YES;
				IPHONEOS_DEPLOYMENT_TARGET = 17.4;
				LOCALIZATION_PREFERS_STRING_CATALOGS = YES;
				MTL_ENABLE_DEBUG_INFO = NO;
				MTL_FAST_MATH = YES;
				SDKROOT = iphoneos;
				SWIFT_COMPILATION_MODE = wholemodule;
				VALIDATE_PRODUCT = YES;
			};
			name = Release;
		};
		A6A598262C091C8B00C387E9 /* Debug */ = {
			isa = XCBuildConfiguration;
			buildSettings = {
				ASSETCATALOG_COMPILER_APPICON_NAME = AppIcon;
				ASSETCATALOG_COMPILER_GLOBAL_ACCENT_COLOR_NAME = AccentColor;
				CODE_SIGN_STYLE = Automatic;
				CURRENT_PROJECT_VERSION = 1;
				DEVELOPMENT_ASSET_PATHS = "\"SwiftUIBeta/Preview Content\"";
				DEVELOPMENT_TEAM = ZJJ275SY3R;
				ENABLE_PREVIEWS = YES;
				GENERATE_INFOPLIST_FILE = YES;
				INFOPLIST_KEY_CFBundleDisplayName = SwftfBeta;
				INFOPLIST_KEY_UIApplicationSceneManifest_Generation = YES;
				INFOPLIST_KEY_UIApplicationSupportsIndirectInputEvents = YES;
				INFOPLIST_KEY_UILaunchScreen_Generation = YES;
				INFOPLIST_KEY_UISupportedInterfaceOrientations_iPad = "UIInterfaceOrientationPortrait UIInterfaceOrientationPortraitUpsideDown UIInterfaceOrientationLandscapeLeft UIInterfaceOrientationLandscapeRight";
				INFOPLIST_KEY_UISupportedInterfaceOrientations_iPhone = "UIInterfaceOrientationPortrait UIInterfaceOrientationLandscapeLeft UIInterfaceOrientationLandscapeRight";
				IPHONEOS_DEPLOYMENT_TARGET = 15.0;
				LD_RUNPATH_SEARCH_PATHS = (
					"$(inherited)",
					"@executable_path/Frameworks",
				);
				MARKETING_VERSION = 1.0;
				PRODUCT_BUNDLE_IDENTIFIER = com.cristianpb.SwiftUIBeta;
				PRODUCT_NAME = "$(TARGET_NAME)";
				SWIFT_EMIT_LOC_STRINGS = YES;
				SWIFT_VERSION = 5.0;
				TARGETED_DEVICE_FAMILY = "1,2";
			};
			name = Debug;
		};
		A6A598272C091C8B00C387E9 /* Release */ = {
			isa = XCBuildConfiguration;
			buildSettings = {
				ASSETCATALOG_COMPILER_APPICON_NAME = AppIcon;
				ASSETCATALOG_COMPILER_GLOBAL_ACCENT_COLOR_NAME = AccentColor;
				CODE_SIGN_STYLE = Automatic;
				CURRENT_PROJECT_VERSION = 1;
				DEVELOPMENT_ASSET_PATHS = "\"SwiftUIBeta/Preview Content\"";
				DEVELOPMENT_TEAM = ZJJ275SY3R;
				ENABLE_PREVIEWS = YES;
				GENERATE_INFOPLIST_FILE = YES;
				INFOPLIST_KEY_CFBundleDisplayName = SwftfBeta;
				INFOPLIST_KEY_UIApplicationSceneManifest_Generation = YES;
				INFOPLIST_KEY_UIApplicationSupportsIndirectInputEvents = YES;
				INFOPLIST_KEY_UILaunchScreen_Generation = YES;
				INFOPLIST_KEY_UISupportedInterfaceOrientations_iPad = "UIInterfaceOrientationPortrait UIInterfaceOrientationPortraitUpsideDown UIInterfaceOrientationLandscapeLeft UIInterfaceOrientationLandscapeRight";
				INFOPLIST_KEY_UISupportedInterfaceOrientations_iPhone = "UIInterfaceOrientationPortrait UIInterfaceOrientationLandscapeLeft UIInterfaceOrientationLandscapeRight";
				IPHONEOS_DEPLOYMENT_TARGET = 15.0;
				LD_RUNPATH_SEARCH_PATHS = (
					"$(inherited)",
					"@executable_path/Frameworks",
				);
				MARKETING_VERSION = 1.0;
				PRODUCT_BUNDLE_IDENTIFIER = com.cristianpb.SwiftUIBeta;
				PRODUCT_NAME = "$(TARGET_NAME)";
				SWIFT_EMIT_LOC_STRINGS = YES;
				SWIFT_VERSION = 5.0;
				TARGETED_DEVICE_FAMILY = "1,2";
			};
			name = Release;
		};
		A6A598292C091C8B00C387E9 /* Debug */ = {
			isa = XCBuildConfiguration;
			buildSettings = {
				ALWAYS_EMBED_SWIFT_STANDARD_LIBRARIES = YES;
				BUNDLE_LOADER = "$(TEST_HOST)";
				CODE_SIGN_STYLE = Automatic;
				CURRENT_PROJECT_VERSION = 1;
				DEVELOPMENT_TEAM = ZJJ275SY3R;
				GENERATE_INFOPLIST_FILE = YES;
				IPHONEOS_DEPLOYMENT_TARGET = 17.4;
				MARKETING_VERSION = 1.0;
				PRODUCT_BUNDLE_IDENTIFIER = com.cristianpb.SwiftUIBetaTests;
				PRODUCT_NAME = "$(TARGET_NAME)";
				SWIFT_EMIT_LOC_STRINGS = NO;
				SWIFT_VERSION = 5.0;
				TARGETED_DEVICE_FAMILY = "1,2";
				TEST_HOST = "$(BUILT_PRODUCTS_DIR)/SwiftUIBeta.app/$(BUNDLE_EXECUTABLE_FOLDER_PATH)/SwiftUIBeta";
			};
			name = Debug;
		};
		A6A5982A2C091C8B00C387E9 /* Release */ = {
			isa = XCBuildConfiguration;
			buildSettings = {
				ALWAYS_EMBED_SWIFT_STANDARD_LIBRARIES = YES;
				BUNDLE_LOADER = "$(TEST_HOST)";
				CODE_SIGN_STYLE = Automatic;
				CURRENT_PROJECT_VERSION = 1;
				DEVELOPMENT_TEAM = ZJJ275SY3R;
				GENERATE_INFOPLIST_FILE = YES;
				IPHONEOS_DEPLOYMENT_TARGET = 17.4;
				MARKETING_VERSION = 1.0;
				PRODUCT_BUNDLE_IDENTIFIER = com.cristianpb.SwiftUIBetaTests;
				PRODUCT_NAME = "$(TARGET_NAME)";
				SWIFT_EMIT_LOC_STRINGS = NO;
				SWIFT_VERSION = 5.0;
				TARGETED_DEVICE_FAMILY = "1,2";
				TEST_HOST = "$(BUILT_PRODUCTS_DIR)/SwiftUIBeta.app/$(BUNDLE_EXECUTABLE_FOLDER_PATH)/SwiftUIBeta";
			};
			name = Release;
		};
		A6A5982C2C091C8B00C387E9 /* Debug */ = {
			isa = XCBuildConfiguration;
			buildSettings = {
				ALWAYS_EMBED_SWIFT_STANDARD_LIBRARIES = YES;
				CODE_SIGN_STYLE = Automatic;
				CURRENT_PROJECT_VERSION = 1;
				DEVELOPMENT_TEAM = ZJJ275SY3R;
				GENERATE_INFOPLIST_FILE = YES;
				MARKETING_VERSION = 1.0;
				PRODUCT_BUNDLE_IDENTIFIER = com.cristianpb.SwiftUIBetaUITests;
				PRODUCT_NAME = "$(TARGET_NAME)";
				SWIFT_EMIT_LOC_STRINGS = NO;
				SWIFT_VERSION = 5.0;
				TARGETED_DEVICE_FAMILY = "1,2";
				TEST_TARGET_NAME = SwiftUIBeta;
			};
			name = Debug;
		};
		A6A5982D2C091C8B00C387E9 /* Release */ = {
			isa = XCBuildConfiguration;
			buildSettings = {
				ALWAYS_EMBED_SWIFT_STANDARD_LIBRARIES = YES;
				CODE_SIGN_STYLE = Automatic;
				CURRENT_PROJECT_VERSION = 1;
				DEVELOPMENT_TEAM = ZJJ275SY3R;
				GENERATE_INFOPLIST_FILE = YES;
				MARKETING_VERSION = 1.0;
				PRODUCT_BUNDLE_IDENTIFIER = com.cristianpb.SwiftUIBetaUITests;
				PRODUCT_NAME = "$(TARGET_NAME)";
				SWIFT_EMIT_LOC_STRINGS = NO;
				SWIFT_VERSION = 5.0;
				TARGETED_DEVICE_FAMILY = "1,2";
				TEST_TARGET_NAME = SwiftUIBeta;
			};
			name = Release;
		};
/* End XCBuildConfiguration section */

/* Begin XCConfigurationList section */
		A6A597FC2C091C8600C387E9 /* Build configuration list for PBXProject "SwiftUIBeta" */ = {
			isa = XCConfigurationList;
			buildConfigurations = (
				A6A598232C091C8B00C387E9 /* Debug */,
				A6A598242C091C8B00C387E9 /* Release */,
			);
			defaultConfigurationIsVisible = 0;
			defaultConfigurationName = Release;
		};
		A6A598252C091C8B00C387E9 /* Build configuration list for PBXNativeTarget "SwiftUIBeta" */ = {
			isa = XCConfigurationList;
			buildConfigurations = (
				A6A598262C091C8B00C387E9 /* Debug */,
				A6A598272C091C8B00C387E9 /* Release */,
			);
			defaultConfigurationIsVisible = 0;
			defaultConfigurationName = Release;
		};
		A6A598282C091C8B00C387E9 /* Build configuration list for PBXNativeTarget "SwiftUIBetaTests" */ = {
			isa = XCConfigurationList;
			buildConfigurations = (
				A6A598292C091C8B00C387E9 /* Debug */,
				A6A5982A2C091C8B00C387E9 /* Release */,
			);
			defaultConfigurationIsVisible = 0;
			defaultConfigurationName = Release;
		};
		A6A5982B2C091C8B00C387E9 /* Build configuration list for PBXNativeTarget "SwiftUIBetaUITests" */ = {
			isa = XCConfigurationList;
			buildConfigurations = (
				A6A5982C2C091C8B00C387E9 /* Debug */,
				A6A5982D2C091C8B00C387E9 /* Release */,
			);
			defaultConfigurationIsVisible = 0;
			defaultConfigurationName = Release;
		};
/* End XCConfigurationList section */
	};
	rootObject = A6A597F92C091C8600C387E9 /* Project object */;
}
